
Microsoft Visual Studio Solution File, Format Version 12.00
# Visual Studio 2013
VisualStudioVersion = 12.0.30723.0
MinimumVisualStudioVersion = 10.0.40219.1
Project("{FAE04EC0-301F-11D3-BF4B-00C04F79EFBC}") = "JavaScriptExamples", "JavaScriptExamples\JavaScriptExamples.csproj", "{452CA71B-A20D-425F-894D-E718C4E88EFC}"
EndProject
Global
	GlobalSection(SolutionConfigurationPlatforms) = preSolution
		Debug|Any CPU = Debug|Any CPU
		Release|Any CPU = Release|Any CPU
	EndGlobalSection
	GlobalSection(ProjectConfigurationPlatforms) = postSolution
		{452CA71B-A20D-425F-894D-E718C4E88EFC}.Debug|Any CPU.ActiveCfg = Debug|Any CPU
		{452CA71B-A20D-425F-894D-E718C4E88EFC}.Debug|Any CPU.Build.0 = Debug|Any CPU
		{452CA71B-A20D-425F-894D-E718C4E88EFC}.Release|Any CPU.ActiveCfg = Release|Any CPU
		{452CA71B-A20D-425F-894D-E718C4E88EFC}.Release|Any CPU.Build.0 = Release|Any CPU
	EndGlobalSection
	GlobalSection(SolutionProperties) = preSolution
		HideSolutionNode = FALSE
	EndGlobalSection
EndGlobal
